<?xml version="1.0" encoding="utf-8"?>
<Project ToolsVersion="4.0" xmlns="http://schemas.microsoft.com/developer/msbuild/2003">
  <ItemGroup>
    <Filter Include="instruments">
      <UniqueIdentifier>{bdda7538-22a4-44ac-925a-6c95afb05c55}</UniqueIdentifier>
    </Filter>
    <Filter Include="math">
      <UniqueIdentifier>{7c2dcbda-48ea-48eb-bd23-b1d88d45dbc3}</UniqueIdentifier>
    </Filter>
    <Filter Include="math\interpolations">
      <UniqueIdentifier>{b42ab6bf-67e2-4186-8a69-9de38642fe9e}</UniqueIdentifier>
    </Filter>
    <Filter Include="patterns">
      <UniqueIdentifier>{0a0e9ecd-4c8e-4e72-8195-123ef41301be}</UniqueIdentifier>
    </Filter>
    <Filter Include="termstructures">
      <UniqueIdentifier>{55f020ff-1b2f-4f56-8194-6fe99d69e9f1}</UniqueIdentifier>
    </Filter>
    <Filter Include="termstructures\volatility">
      <UniqueIdentifier>{0bf280b6-d895-40ff-b988-65ad2880c1ff}</UniqueIdentifier>
    </Filter>
    <Filter Include="termstructures\volatility\equityfx">
      <UniqueIdentifier>{be944554-fbaf-47f3-beee-c441a7e8f1ce}</UniqueIdentifier>
    </Filter>
    <Filter Include="utilities">
      <UniqueIdentifier>{25fb83ed-1731-4cd6-aa3a-d8027a0eca9f}</UniqueIdentifier>
    </Filter>
    <Filter Include="time">
      <UniqueIdentifier>{36727168-b97c-4f82-aeb7-e397627499a6}</UniqueIdentifier>
    </Filter>
    <Filter Include="time\calendars">
      <UniqueIdentifier>{d076d7be-7ff0-4df0-829a-73dc1cfaa7ae}</UniqueIdentifier>
    </Filter>
    <Filter Include="time\daycounters">
      <UniqueIdentifier>{3346f5d8-7c2e-4444-bca0-837abbec52da}</UniqueIdentifier>
    </Filter>
  </ItemGroup>
  <ItemGroup>
    <ClInclude Include="ql\instruments\all.hpp">
      <Filter>instruments</Filter>
    </ClInclude>
    <ClInclude Include="ql\instruments\payoffs.hpp">
      <Filter>instruments</Filter>
    </ClInclude>
    <ClInclude Include="ql\instruments\zerocouponinflationswap.hpp">
      <Filter>instruments</Filter>
    </ClInclude>
    <ClInclude Include="ql\math\interpolations\extrapolation.hpp">
      <Filter>math\interpolations</Filter>
    </ClInclude>
    <ClInclude Include="ql\patterns\all.hpp">
      <Filter>patterns</Filter>
    </ClInclude>
    <ClInclude Include="ql\patterns\composite.hpp">
      <Filter>patterns</Filter>
    </ClInclude>
    <ClInclude Include="ql\patterns\curiouslyrecurring.hpp">
      <Filter>patterns</Filter>
    </ClInclude>
    <ClInclude Include="ql\patterns\lazyobject.hpp">
      <Filter>patterns</Filter>
    </ClInclude>
    <ClInclude Include="ql\patterns\observable.hpp">
      <Filter>patterns</Filter>
    </ClInclude>
    <ClInclude Include="ql\patterns\singleton.hpp">
      <Filter>patterns</Filter>
    </ClInclude>
    <ClInclude Include="ql\patterns\visitor.hpp">
      <Filter>patterns</Filter>
    </ClInclude>
    <ClInclude Include="ql\termstructures\all.hpp">
      <Filter>termstructures</Filter>
    </ClInclude>
    <ClInclude Include="ql\termstructures\voltermstructure.hpp">
      <Filter>termstructures</Filter>
    </ClInclude>
    <ClInclude Include="ql\termstructures\yieldtermstructure.hpp">
      <Filter>termstructures</Filter>
    </ClInclude>
    <ClInclude Include="ql\termstructures\volatility\equityfx\blackvoltermstructure.hpp">
      <Filter>termstructures\volatility\equityfx</Filter>
    </ClInclude>
    <ClInclude Include="ql\utilities\all.hpp">
      <Filter>utilities</Filter>
    </ClInclude>
    <ClInclude Include="ql\utilities\clone.hpp">
      <Filter>utilities</Filter>
    </ClInclude>
    <ClInclude Include="ql\utilities\dataformatters.hpp">
      <Filter>utilities</Filter>
    </ClInclude>
    <ClInclude Include="ql\utilities\dataparsers.hpp">
      <Filter>utilities</Filter>
    </ClInclude>
    <ClInclude Include="ql\utilities\disposable.hpp">
      <Filter>utilities</Filter>
    </ClInclude>
    <ClInclude Include="ql\utilities\null.hpp">
      <Filter>utilities</Filter>
    </ClInclude>
    <ClInclude Include="ql\utilities\null_deleter.hpp">
      <Filter>utilities</Filter>
    </ClInclude>
    <ClInclude Include="ql\utilities\observablevalue.hpp">
      <Filter>utilities</Filter>
    </ClInclude>
    <ClInclude Include="ql\utilities\steppingiterator.hpp">
      <Filter>utilities</Filter>
    </ClInclude>
    <ClInclude Include="ql\utilities\tracing.hpp">
      <Filter>utilities</Filter>
    </ClInclude>
    <ClInclude Include="ql\utilities\vectors.hpp">
      <Filter>utilities</Filter>
    </ClInclude>
    <ClInclude Include="ql\time\all.hpp">
      <Filter>time</Filter>
    </ClInclude>
    <ClInclude Include="ql\time\businessdayconvention.hpp">
      <Filter>time</Filter>
    </ClInclude>
    <ClInclude Include="ql\time\calendar.hpp">
      <Filter>time</Filter>
    </ClInclude>
    <ClInclude Include="ql\time\date.hpp">
      <Filter>time</Filter>
    </ClInclude>
    <ClInclude Include="ql\time\dategenerationrule.hpp">
      <Filter>time</Filter>
    </ClInclude>
    <ClInclude Include="ql\time\daycounter.hpp">
      <Filter>time</Filter>
    </ClInclude>
    <ClInclude Include="ql\time\ecb.hpp">
      <Filter>time</Filter>
    </ClInclude>
    <ClInclude Include="ql\time\frequency.hpp">
      <Filter>time</Filter>
    </ClInclude>
    <ClInclude Include="ql\time\imm.hpp">
      <Filter>time</Filter>
    </ClInclude>
    <ClInclude Include="ql\time\period.hpp">
      <Filter>time</Filter>
    </ClInclude>
    <ClInclude Include="ql\time\schedule.hpp">
      <Filter>time</Filter>
    </ClInclude>
    <ClInclude Include="ql\time\timeunit.hpp">
      <Filter>time</Filter>
    </ClInclude>
    <ClInclude Include="ql\time\weekday.hpp">
      <Filter>time</Filter>
    </ClInclude>
    <ClInclude Include="ql\time\calendars\all.hpp">
      <Filter>time\calendars</Filter>
    </ClInclude>
    <ClInclude Include="ql\time\calendars\bespokecalendar.hpp">
      <Filter>time\calendars</Filter>
    </ClInclude>
    <ClInclude Include="ql\time\calendars\botswana.hpp">
      <Filter>time\calendars</Filter>
    </ClInclude>
    <ClInclude Include="ql\time\calendars\brazil.hpp">
      <Filter>time\calendars</Filter>
    </ClInclude>
    <ClInclude Include="ql\time\calendars\china.hpp">
      <Filter>time\calendars</Filter>
    </ClInclude>
    <ClInclude Include="ql\time\calendars\germany.hpp">
      <Filter>time\calendars</Filter>
    </ClInclude>
    <ClInclude Include="ql\time\calendars\italy.hpp">
      <Filter>time\calendars</Filter>
    </ClInclude>
    <ClInclude Include="ql\time\calendars\japan.hpp">
      <Filter>time\calendars</Filter>
    </ClInclude>
    <ClInclude Include="ql\time\calendars\jointcalendar.hpp">
      <Filter>time\calendars</Filter>
    </ClInclude>
    <ClInclude Include="ql\time\calendars\russia.hpp">
      <Filter>time\calendars</Filter>
    </ClInclude>
    <ClInclude Include="ql\time\calendars\southkorea.hpp">
      <Filter>time\calendars</Filter>
    </ClInclude>
    <ClInclude Include="ql\time\calendars\target.hpp">
      <Filter>time\calendars</Filter>
    </ClInclude>
    <ClInclude Include="ql\time\calendars\unitedkingdom.hpp">
      <Filter>time\calendars</Filter>
    </ClInclude>
    <ClInclude Include="ql\time\calendars\unitedstates.hpp">
      <Filter>time\calendars</Filter>
    </ClInclude>
    <ClInclude Include="ql\time\calendars\weekendsonly.hpp">
      <Filter>time\calendars</Filter>
    </ClInclude>
    <ClInclude Include="ql\time\daycounters\actual365fixed.hpp">
      <Filter>time\daycounters</Filter>
    </ClInclude>
    <ClInclude Include="ql\errors.hpp" />
    <ClInclude Include="ql\exercise.hpp" />
    <ClInclude Include="ql\grid.hpp" />
    <ClInclude Include="ql\handle.hpp" />
    <ClInclude Include="ql\instrument.hpp" />
    <ClInclude Include="ql\interestrate.hpp" />
    <ClInclude Include="ql\option.hpp" />
    <ClInclude Include="ql\payoff.hpp" />
    <ClInclude Include="ql\pricingengine.hpp" />
    <ClInclude Include="ql\qldefines.hpp" />
    <ClInclude Include="ql\quantlib.hpp" />
    <ClInclude Include="ql\quote.hpp" />
    <ClInclude Include="ql\settings.hpp" />
    <ClInclude Include="ql\shared_ptr.hpp" />
    <ClInclude Include="ql\termstructure.hpp" />
    <ClInclude Include="ql\timeseries.hpp" />
    <ClInclude Include="ql\types.hpp" />
    <ClInclude Include="ql\userconfig.hpp" />
    <ClInclude Include="ql\version.hpp" />
    <ClInclude Include="ql\volatilitymodel.hpp" />
    <ClInclude Include="ql\time\asx.hpp">
      <Filter>time</Filter>
    </ClInclude>
  </ItemGroup>
  <ItemGroup>
    <ClCompile Include="ql\instruments\payoffs.cpp">
      <Filter>instruments</Filter>
    </ClCompile>
    <ClCompile Include="ql\instruments\zerocouponinflationswap.cpp">
      <Filter>instruments</Filter>
    </ClCompile>
    <ClCompile Include="ql\utilities\dataformatters.cpp">
      <Filter>utilities</Filter>
    </ClCompile>
    <ClCompile Include="ql\utilities\dataparsers.cpp">
      <Filter>utilities</Filter>
    </ClCompile>
    <ClCompile Include="ql\utilities\tracing.cpp">
      <Filter>utilities</Filter>
    </ClCompile>
    <ClCompile Include="ql\time\businessdayconvention.cpp">
      <Filter>time</Filter>
    </ClCompile>
    <ClCompile Include="ql\time\calendar.cpp">
      <Filter>time</Filter>
    </ClCompile>
    <ClCompile Include="ql\time\date.cpp">
      <Filter>time</Filter>
    </ClCompile>
    <ClCompile Include="ql\time\dategenerationrule.cpp">
      <Filter>time</Filter>
    </ClCompile>
    <ClCompile Include="ql\time\ecb.cpp">
      <Filter>time</Filter>
    </ClCompile>
    <ClCompile Include="ql\time\frequency.cpp">
      <Filter>time</Filter>
    </ClCompile>
    <ClCompile Include="ql\time\imm.cpp">
      <Filter>time</Filter>
    </ClCompile>
    <ClCompile Include="ql\time\period.cpp">
      <Filter>time</Filter>
    </ClCompile>
    <ClCompile Include="ql\time\schedule.cpp">
      <Filter>time</Filter>
    </ClCompile>
    <ClCompile Include="ql\time\timeunit.cpp">
      <Filter>time</Filter>
    </ClCompile>
    <ClCompile Include="ql\time\weekday.cpp">
      <Filter>time</Filter>
    </ClCompile>
    <ClCompile Include="ql\time\calendars\bespokecalendar.cpp">
      <Filter>time\calendars</Filter>
    </ClCompile>
    <ClCompile Include="ql\time\calendars\botswana.cpp">
      <Filter>time\calendars</Filter>
    </ClCompile>
    <ClCompile Include="ql\time\calendars\china.cpp">
      <Filter>time\calendars</Filter>
    </ClCompile>
    <ClCompile Include="ql\time\calendars\germany.cpp">
      <Filter>time\calendars</Filter>
    </ClCompile>
    <ClCompile Include="ql\time\calendars\italy.cpp">
      <Filter>time\calendars</Filter>
    </ClCompile>
    <ClCompile Include="ql\time\calendars\japan.cpp">
      <Filter>time\calendars</Filter>
    </ClCompile>
    <ClCompile Include="ql\time\calendars\jointcalendar.cpp">
      <Filter>time\calendars</Filter>
    </ClCompile>
    <ClCompile Include="ql\time\calendars\russia.cpp">
      <Filter>time\calendars</Filter>
    </ClCompile>
    <ClCompile Include="ql\time\calendars\southkorea.cpp">
      <Filter>time\calendars</Filter>
    </ClCompile>
    <ClCompile Include="ql\time\calendars\target.cpp">
      <Filter>time\calendars</Filter>
    </ClCompile>
    <ClCompile Include="ql\time\calendars\unitedkingdom.cpp">
      <Filter>time\calendars</Filter>
    </ClCompile>
    <ClCompile Include="ql\time\calendars\unitedstates.cpp">
      <Filter>time\calendars</Filter>
    </ClCompile>
    <ClCompile Include="ql\time\calendars\weekendsonly.cpp">
      <Filter>time\calendars</Filter>
    </ClCompile>
    <ClCompile Include="ql\exercise.cpp" />
    <ClCompile Include="ql\interestrate.cpp" />
    <ClCompile Include="ql\settings.cpp" />
    <ClCompile Include="ql\termstructure.cpp" />
    <ClCompile Include="ql\time\asx.cpp">
      <Filter>time</Filter>
    </ClCompile>
    <ClCompile Include="ql\patterns\observable.cpp">
      <Filter>patterns</Filter>
    </ClCompile>
    <ClCompile Include="ql\time\daycounters\actual365fixed.cpp">
      <Filter>time\daycounters</Filter>
    </ClCompile>
    <ClCompile Include="ql\time\calendars\brazil.cpp">
      <Filter>time\calendars</Filter>
    </ClCompile>
    <ClCompile Include="ql\errors.cpp" />
  </ItemGroup>
</Project>